
Microsoft Visual Studio Solution File, Format Version 12.00
# Visual Studio Version 16
VisualStudioVersion = 16.0.30204.135
MinimumVisualStudioVersion = 10.0.40219.1
Project("{FAE04EC0-301F-11D3-BF4B-00C04F79EFBC}") = "SmartOvenV2.Android", "SmartOven\SmartOven.Android\SmartOvenV2.Android.csproj", "{35ADDA94-8680-4A6B-B245-4972B9723909}"
EndProject
Project("{FAE04EC0-301F-11D3-BF4B-00C04F79EFBC}") = "SmartOvenV2.iOS", "SmartOven\SmartOven.iOS\SmartOvenV2.iOS.csproj", "{FE11954F-05B7-4AB5-8A75-6F156F54B7BF}"
EndProject
Project("{9A19103F-16F7-4668-BE54-9A1E7A4F7556}") = "SmartOvenV2", "SmartOven\SmartOven\SmartOvenV2.csproj", "{F6FD411B-C574-4C79-BB1C-9892C4FFF534}"
EndProject
Global
	GlobalSection(SolutionConfigurationPlatforms) = preSolution
		Debug|Any CPU = Debug|Any CPU
		Debug|iPhone = Debug|iPhone
		Debug|iPhoneSimulator = Debug|iPhoneSimulator
		Release|Any CPU = Release|Any CPU
		Release|iPhone = Release|iPhone
		Release|iPhoneSimulator = Release|iPhoneSimulator
	EndGlobalSection
	GlobalSection(ProjectConfigurationPlatforms) = postSolution
		{35ADDA94-8680-4A6B-B245-4972B9723909}.Debug|Any CPU.ActiveCfg = Debug|Any CPU
		{35ADDA94-8680-4A6B-B245-4972B9723909}.Debug|Any CPU.Build.0 = Debug|Any CPU
		{35ADDA94-8680-4A6B-B245-4972B9723909}.Debug|Any CPU.Deploy.0 = Debug|Any CPU
		{35ADDA94-8680-4A6B-B245-4972B9723909}.Debug|iPhone.ActiveCfg = Debug|Any CPU
		{35ADDA94-8680-4A6B-B245-4972B9723909}.Debug|iPhone.Build.0 = Debug|Any CPU
		{35ADDA94-8680-4A6B-B245-4972B9723909}.Debug|iPhone.Deploy.0 = Debug|Any CPU
		{35ADDA94-8680-4A6B-B245-4972B9723909}.Debug|iPhoneSimulator.ActiveCfg = Debug|Any CPU
		{35ADDA94-8680-4A6B-B245-4972B9723909}.Debug|iPhoneSimulator.Build.0 = Debug|Any CPU
		{35ADDA94-8680-4A6B-B245-4972B9723909}.Debug|iPhoneSimulator.Deploy.0 = Debug|Any CPU
		{35ADDA94-8680-4A6B-B245-4972B9723909}.Release|Any CPU.ActiveCfg = Release|Any CPU
		{35ADDA94-8680-4A6B-B245-4972B9723909}.Release|Any CPU.Build.0 = Release|Any CPU
		{35ADDA94-8680-4A6B-B245-4972B9723909}.Release|Any CPU.Deploy.0 = Release|Any CPU
		{35ADDA94-8680-4A6B-B245-4972B9723909}.Release|iPhone.ActiveCfg = Release|Any CPU
		{35ADDA94-8680-4A6B-B245-4972B9723909}.Release|iPhone.Build.0 = Release|Any CPU
		{35ADDA94-8680-4A6B-B245-4972B9723909}.Release|iPhone.Deploy.0 = Release|Any CPU
		{35ADDA94-8680-4A6B-B245-4972B9723909}.Release|iPhoneSimulator.ActiveCfg = Release|Any CPU
		{35ADDA94-8680-4A6B-B245-4972B9723909}.Release|iPhoneSimulator.Build.0 = Release|Any CPU
		{35ADDA94-8680-4A6B-B245-4972B9723909}.Release|iPhoneSimulator.Deploy.0 = Release|Any CPU
		{FE11954F-05B7-4AB5-8A75-6F156F54B7BF}.Debug|Any CPU.ActiveCfg = Debug|iPhone
		{FE11954F-05B7-4AB5-8A75-6F156F54B7BF}.Debug|Any CPU.Build.0 = Debug|iPhone
		{FE11954F-05B7-4AB5-8A75-6F156F54B7BF}.Debug|Any CPU.Deploy.0 = Debug|iPhone
		{FE11954F-05B7-4AB5-8A75-6F156F54B7BF}.Debug|iPhone.ActiveCfg = Debug|iPhone
		{FE11954F-05B7-4AB5-8A75-6F156F54B7BF}.Debug|iPhone.Build.0 = Debug|iPhone
		{FE11954F-05B7-4AB5-8A75-6F156F54B7BF}.Debug|iPhone.Deploy.0 = Debug|iPhone
		{FE11954F-05B7-4AB5-8A75-6F156F54B7BF}.Debug|iPhoneSimulator.ActiveCfg = Debug|iPhoneSimulator
		{FE11954F-05B7-4AB5-8A75-6F156F54B7BF}.Debug|iPhoneSimulator.Build.0 = Debug|iPhoneSimulator
		{FE11954F-05B7-4AB5-8A75-6F156F54B7BF}.Debug|iPhoneSimulator.Deploy.0 = Debug|iPhoneSimulator
		{FE11954F-05B7-4AB5-8A75-6F156F54B7BF}.Release|Any CPU.ActiveCfg = Release|iPhone
		{FE11954F-05B7-4AB5-8A75-6F156F54B7BF}.Release|Any CPU.Build.0 = Release|iPhone
		{FE11954F-05B7-4AB5-8A75-6F156F54B7BF}.Release|Any CPU.Deploy.0 = Release|iPhone
		{FE11954F-05B7-4AB5-8A75-6F156F54B7BF}.Release|iPhone.ActiveCfg = Release|iPhone
		{FE11954F-05B7-4AB5-8A75-6F156F54B7BF}.Release|iPhone.Build.0 = Release|iPhone
		{FE11954F-05B7-4AB5-8A75-6F156F54B7BF}.Release|iPhone.Deploy.0 = Release|iPhone
		{FE11954F-05B7-4AB5-8A75-6F156F54B7BF}.Release|iPhoneSimulator.ActiveCfg = Release|iPhoneSimulator
		{FE11954F-05B7-4AB5-8A75-6F156F54B7BF}.Release|iPhoneSimulator.Build.0 = Release|iPhoneSimulator
		{FE11954F-05B7-4AB5-8A75-6F156F54B7BF}.Release|iPhoneSimulator.Deploy.0 = Release|iPhoneSimulator
		{F6FD411B-C574-4C79-BB1C-9892C4FFF534}.Debug|Any CPU.ActiveCfg = Debug|Any CPU
		{F6FD411B-C574-4C79-BB1C-9892C4FFF534}.Debug|Any CPU.Build.0 = Debug|Any CPU
		{F6FD411B-C574-4C79-BB1C-9892C4FFF534}.Debug|Any CPU.Deploy.0 = Debug|Any CPU
		{F6FD411B-C574-4C79-BB1C-9892C4FFF534}.Debug|iPhone.ActiveCfg = Debug|Any CPU
		{F6FD411B-C574-4C79-BB1C-9892C4FFF534}.Debug|iPhone.Build.0 = Debug|Any CPU
		{F6FD411B-C574-4C79-BB1C-9892C4FFF534}.Debug|iPhone.Deploy.0 = Debug|Any CPU
		{F6FD411B-C574-4C79-BB1C-9892C4FFF534}.Debug|iPhoneSimulator.ActiveCfg = Debug|Any CPU
		{F6FD411B-C574-4C79-BB1C-9892C4FFF534}.Debug|iPhoneSimulator.Build.0 = Debug|Any CPU
		{F6FD411B-C574-4C79-BB1C-9892C4FFF534}.Debug|iPhoneSimulator.Deploy.0 = Debug|Any CPU
		{F6FD411B-C574-4C79-BB1C-9892C4FFF534}.Release|Any CPU.ActiveCfg = Release|Any CPU
		{F6FD411B-C574-4C79-BB1C-9892C4FFF534}.Release|Any CPU.Build.0 = Release|Any CPU
		{F6FD411B-C574-4C79-BB1C-9892C4FFF534}.Release|Any CPU.Deploy.0 = Release|Any CPU
		{F6FD411B-C574-4C79-BB1C-9892C4FFF534}.Release|iPhone.ActiveCfg = Release|Any CPU
		{F6FD411B-C574-4C79-BB1C-9892C4FFF534}.Release|iPhone.Build.0 = Release|Any CPU
		{F6FD411B-C574-4C79-BB1C-9892C4FFF534}.Release|iPhone.Deploy.0 = Release|Any CPU
		{F6FD411B-C574-4C79-BB1C-9892C4FFF534}.Release|iPhoneSimulator.ActiveCfg = Release|Any CPU
		{F6FD411B-C574-4C79-BB1C-9892C4FFF534}.Release|iPhoneSimulator.Build.0 = Release|Any CPU
		{F6FD411B-C574-4C79-BB1C-9892C4FFF534}.Release|iPhoneSimulator.Deploy.0 = Release|Any CPU
	EndGlobalSection
	GlobalSection(SolutionProperties) = preSolution
		HideSolutionNode = FALSE
	EndGlobalSection
	GlobalSection(ExtensibilityGlobals) = postSolution
		SolutionGuid = {D265EEE3-4462-4C20-A2A1-88D9B6050C04}
	EndGlobalSection
EndGlobal
